
Microsoft Visual Studio Solution File, Format Version 12.00
# Visual Studio 2013
VisualStudioVersion = 12.0.30110.0
MinimumVisualStudioVersion = 10.0.40219.1
Project("{FAE04EC0-301F-11D3-BF4B-00C04F79EFBC}") = "AutoCompleteAspNetJqueryUI", "AutoCompleteAspNetJqueryUI\AutoCompleteAspNetJqueryUI.csproj", "{22D3A119-8E85-4EAB-888E-5681C2F3FB7D}"
EndProject
Project("{2150E333-8FDC-42A3-9474-1A3956D46DE8}") = ".nuget", ".nuget", "{0A76B1F0-0ACE-428C-8D5D-023979128D27}"
	ProjectSection(SolutionItems) = preProject
		.nuget\NuGet.Config = .nuget\NuGet.Config
		.nuget\NuGet.exe = .nuget\NuGet.exe
		.nuget\NuGet.targets = .nuget\NuGet.targets
	EndProjectSection
EndProject
Global
	GlobalSection(SolutionConfigurationPlatforms) = preSolution
		Debug|Any CPU = Debug|Any CPU
		Release|Any CPU = Release|Any CPU
	EndGlobalSection
	GlobalSection(ProjectConfigurationPlatforms) = postSolution
		{22D3A119-8E85-4EAB-888E-5681C2F3FB7D}.Debug|Any CPU.ActiveCfg = Debug|Any CPU
		{22D3A119-8E85-4EAB-888E-5681C2F3FB7D}.Debug|Any CPU.Build.0 = Debug|Any CPU
		{22D3A119-8E85-4EAB-888E-5681C2F3FB7D}.Release|Any CPU.ActiveCfg = Release|Any CPU
		{22D3A119-8E85-4EAB-888E-5681C2F3FB7D}.Release|Any CPU.Build.0 = Release|Any CPU
	EndGlobalSection
	GlobalSection(SolutionProperties) = preSolution
		HideSolutionNode = FALSE
	EndGlobalSection
EndGlobal
